
Microsoft Visual Studio Solution File, Format Version 12.00
# Visual Studio 15
VisualStudioVersion = 15.0.28307.572
MinimumVisualStudioVersion = 10.0.40219.1
Project("{FAE04EC0-301F-11D3-BF4B-00C04F79EFBC}") = "OrderManagement2", "OrderManagement2\OrderManagement2.csproj", "{B7B29604-9C6C-415F-8DF6-C6F45A11DF7C}"
EndProject
Project("{FAE04EC0-301F-11D3-BF4B-00C04F79EFBC}") = "OrderManagement2Tests", "OrderManagement2Tests\OrderManagement2Tests.csproj", "{1935865F-8756-42D9-ACCC-99E9F495D238}"
EndProject
Global
	GlobalSection(SolutionConfigurationPlatforms) = preSolution
		Debug|Any CPU = Debug|Any CPU
		Release|Any CPU = Release|Any CPU
	EndGlobalSection
	GlobalSection(ProjectConfigurationPlatforms) = postSolution
		{B7B29604-9C6C-415F-8DF6-C6F45A11DF7C}.Debug|Any CPU.ActiveCfg = Debug|Any CPU
		{B7B29604-9C6C-415F-8DF6-C6F45A11DF7C}.Debug|Any CPU.Build.0 = Debug|Any CPU
		{B7B29604-9C6C-415F-8DF6-C6F45A11DF7C}.Release|Any CPU.ActiveCfg = Release|Any CPU
		{B7B29604-9C6C-415F-8DF6-C6F45A11DF7C}.Release|Any CPU.Build.0 = Release|Any CPU
		{1935865F-8756-42D9-ACCC-99E9F495D238}.Debug|Any CPU.ActiveCfg = Debug|Any CPU
		{1935865F-8756-42D9-ACCC-99E9F495D238}.Debug|Any CPU.Build.0 = Debug|Any CPU
		{1935865F-8756-42D9-ACCC-99E9F495D238}.Release|Any CPU.ActiveCfg = Release|Any CPU
		{1935865F-8756-42D9-ACCC-99E9F495D238}.Release|Any CPU.Build.0 = Release|Any CPU
	EndGlobalSection
	GlobalSection(SolutionProperties) = preSolution
		HideSolutionNode = FALSE
	EndGlobalSection
	GlobalSection(ExtensibilityGlobals) = postSolution
		SolutionGuid = {06098B74-6E7C-46A9-8D77-AC5C2229A1C0}
	EndGlobalSection
EndGlobal
