
Microsoft Visual Studio Solution File, Format Version 12.00
# Visual Studio 15
VisualStudioVersion = 15.0.28307.572
MinimumVisualStudioVersion = 10.0.40219.1
Project("{FAE04EC0-301F-11D3-BF4B-00C04F79EFBC}") = "GenericApplication", "GenericApplication\GenericApplication.csproj", "{4325F265-ECE1-4C4A-9C16-2296683EB4C7}"
EndProject
Global
	GlobalSection(SolutionConfigurationPlatforms) = preSolution
		Debug|Any CPU = Debug|Any CPU
		Release|Any CPU = Release|Any CPU
	EndGlobalSection
	GlobalSection(ProjectConfigurationPlatforms) = postSolution
		{4325F265-ECE1-4C4A-9C16-2296683EB4C7}.Debug|Any CPU.ActiveCfg = Debug|Any CPU
		{4325F265-ECE1-4C4A-9C16-2296683EB4C7}.Debug|Any CPU.Build.0 = Debug|Any CPU
		{4325F265-ECE1-4C4A-9C16-2296683EB4C7}.Release|Any CPU.ActiveCfg = Release|Any CPU
		{4325F265-ECE1-4C4A-9C16-2296683EB4C7}.Release|Any CPU.Build.0 = Release|Any CPU
	EndGlobalSection
	GlobalSection(SolutionProperties) = preSolution
		HideSolutionNode = FALSE
	EndGlobalSection
	GlobalSection(ExtensibilityGlobals) = postSolution
		SolutionGuid = {44FA995C-F56A-4A3D-B2C3-3D65259B25BC}
	EndGlobalSection
EndGlobal
